// !$*UTF8*$!
{
	archiveVersion = 1;
	classes = {
	};
	objectVersion = 50;
	objects = {

/* Begin PBXBuildFile section */
		FC96D04D23ED81B900F7C4FF /* AppDelegate.swift in Sources */ = {isa = PBXBuildFile; fileRef = FC96D04C23ED81B900F7C4FF /* AppDelegate.swift */; };
		FC96D04F23ED81B900F7C4FF /* SceneDelegate.swift in Sources */ = {isa = PBXBuildFile; fileRef = FC96D04E23ED81B900F7C4FF /* SceneDelegate.swift */; };
		FC96D05123ED81B900F7C4FF /* ViewController.swift in Sources */ = {isa = PBXBuildFile; fileRef = FC96D05023ED81B900F7C4FF /* ViewController.swift */; };
		FC96D05423ED81B900F7C4FF /* Main.storyboard in Resources */ = {isa = PBXBuildFile; fileRef = FC96D05223ED81B900F7C4FF /* Main.storyboard */; };
		FC96D05623ED81BA00F7C4FF /* Assets.xcassets in Resources */ = {isa = PBXBuildFile; fileRef = FC96D05523ED81BA00F7C4FF /* Assets.xcassets */; };
		FC96D05923ED81BA00F7C4FF /* LaunchScreen.storyboard in Resources */ = {isa = PBXBuildFile; fileRef = FC96D05723ED81BA00F7C4FF /* LaunchScreen.storyboard */; };
		FC96D06423ED81BB00F7C4FF /* MarvelCharactersTests.swift in Sources */ = {isa = PBXBuildFile; fileRef = FC96D06323ED81BB00F7C4FF /* MarvelCharactersTests.swift */; };
		FC96D06F23ED81BB00F7C4FF /* MarvelCharactersUITests.swift in Sources */ = {isa = PBXBuildFile; fileRef = FC96D06E23ED81BB00F7C4FF /* MarvelCharactersUITests.swift */; };
/* End PBXBuildFile section */

/* Begin PBXContainerItemProxy section */
		FC96D06023ED81BB00F7C4FF /* PBXContainerItemProxy */ = {
			isa = PBXContainerItemProxy;
			containerPortal = FC96D04123ED81B800F7C4FF /* Project object */;
			proxyType = 1;
			remoteGlobalIDString = FC96D04823ED81B900F7C4FF;
			remoteInfo = MarvelCharacters;
		};
		FC96D06B23ED81BB00F7C4FF /* PBXContainerItemProxy */ = {
			isa = PBXContainerItemProxy;
			containerPortal = FC96D04123ED81B800F7C4FF /* Project object */;
			proxyType = 1;
			remoteGlobalIDString = FC96D04823ED81B900F7C4FF;
			remoteInfo = MarvelCharacters;
		};
/* End PBXContainerItemProxy section */

/* Begin PBXFileReference section */
		FC96D04923ED81B900F7C4FF /* MarvelCharacters.app */ = {isa = PBXFileReference; explicitFileType = wrapper.application; includeInIndex = 0; path = MarvelCharacters.app; sourceTree = BUILT_PRODUCTS_DIR; };
		FC96D04C23ED81B900F7C4FF /* AppDelegate.swift */ = {isa = PBXFileReference; lastKnownFileType = sourcecode.swift; path = AppDelegate.swift; sourceTree = "<group>"; };
		FC96D04E23ED81B900F7C4FF /* SceneDelegate.swift */ = {isa = PBXFileReference; lastKnownFileType = sourcecode.swift; path = SceneDelegate.swift; sourceTree = "<group>"; };
		FC96D05023ED81B900F7C4FF /* ViewController.swift */ = {isa = PBXFileReference; lastKnownFileType = sourcecode.swift; path = ViewController.swift; sourceTree = "<group>"; };
		FC96D05323ED81B900F7C4FF /* Base */ = {isa = PBXFileReference; lastKnownFileType = file.storyboard; name = Base; path = Base.lproj/Main.storyboard; sourceTree = "<group>"; };
		FC96D05523ED81BA00F7C4FF /* Assets.xcassets */ = {isa = PBXFileReference; lastKnownFileType = folder.assetcatalog; path = Assets.xcassets; sourceTree = "<group>"; };
		FC96D05823ED81BA00F7C4FF /* Base */ = {isa = PBXFileReference; lastKnownFileType = file.storyboard; name = Base; path = Base.lproj/LaunchScreen.storyboard; sourceTree = "<group>"; };
		FC96D05A23ED81BA00F7C4FF /* Info.plist */ = {isa = PBXFileReference; lastKnownFileType = text.plist.xml; path = Info.plist; sourceTree = "<group>"; };
		FC96D05F23ED81BB00F7C4FF /* MarvelCharactersTests.xctest */ = {isa = PBXFileReference; explicitFileType = wrapper.cfbundle; includeInIndex = 0; path = MarvelCharactersTests.xctest; sourceTree = BUILT_PRODUCTS_DIR; };
		FC96D06323ED81BB00F7C4FF /* MarvelCharactersTests.swift */ = {isa = PBXFileReference; lastKnownFileType = sourcecode.swift; path = MarvelCharactersTests.swift; sourceTree = "<group>"; };
		FC96D06523ED81BB00F7C4FF /* Info.plist */ = {isa = PBXFileReference; lastKnownFileType = text.plist.xml; path = Info.plist; sourceTree = "<group>"; };
		FC96D06A23ED81BB00F7C4FF /* MarvelCharactersUITests.xctest */ = {isa = PBXFileReference; explicitFileType = wrapper.cfbundle; includeInIndex = 0; path = MarvelCharactersUITests.xctest; sourceTree = BUILT_PRODUCTS_DIR; };
		FC96D06E23ED81BB00F7C4FF /* MarvelCharactersUITests.swift */ = {isa = PBXFileReference; lastKnownFileType = sourcecode.swift; path = MarvelCharactersUITests.swift; sourceTree = "<group>"; };
		FC96D07023ED81BB00F7C4FF /* Info.plist */ = {isa = PBXFileReference; lastKnownFileType = text.plist.xml; path = Info.plist; sourceTree = "<group>"; };
/* End PBXFileReference section */

/* Begin PBXFrameworksBuildPhase section */
		FC96D04623ED81B900F7C4FF /* Frameworks */ = {
			isa = PBXFrameworksBuildPhase;
			buildActionMask = 2147483647;
			files = (
			);
			runOnlyForDeploymentPostprocessing = 0;
		};
		FC96D05C23ED81BB00F7C4FF /* Frameworks */ = {
			isa = PBXFrameworksBuildPhase;
			buildActionMask = 2147483647;
			files = (
			);
			runOnlyForDeploymentPostprocessing = 0;
		};
		FC96D06723ED81BB00F7C4FF /* Frameworks */ = {
			isa = PBXFrameworksBuildPhase;
			buildActionMask = 2147483647;
			files = (
			);
			runOnlyForDeploymentPostprocessing = 0;
		};
/* End PBXFrameworksBuildPhase section */

/* Begin PBXGroup section */
		FC96D04023ED81B800F7C4FF = {
			isa = PBXGroup;
			children = (
				FC96D04B23ED81B900F7C4FF /* MarvelCharacters */,
				FC96D06223ED81BB00F7C4FF /* MarvelCharactersTests */,
				FC96D06D23ED81BB00F7C4FF /* MarvelCharactersUITests */,
				FC96D04A23ED81B900F7C4FF /* Products */,
			);
			sourceTree = "<group>";
		};
		FC96D04A23ED81B900F7C4FF /* Products */ = {
			isa = PBXGroup;
			children = (
				FC96D04923ED81B900F7C4FF /* MarvelCharacters.app */,
				FC96D05F23ED81BB00F7C4FF /* MarvelCharactersTests.xctest */,
				FC96D06A23ED81BB00F7C4FF /* MarvelCharactersUITests.xctest */,
			);
			name = Products;
			sourceTree = "<group>";
		};
		FC96D04B23ED81B900F7C4FF /* MarvelCharacters */ = {
			isa = PBXGroup;
			children = (
				FC96D04C23ED81B900F7C4FF /* AppDelegate.swift */,
				FC96D04E23ED81B900F7C4FF /* SceneDelegate.swift */,
				FC96D05023ED81B900F7C4FF /* ViewController.swift */,
				FC96D05223ED81B900F7C4FF /* Main.storyboard */,
				FC96D05523ED81BA00F7C4FF /* Assets.xcassets */,
				FC96D05723ED81BA00F7C4FF /* LaunchScreen.storyboard */,
				FC96D05A23ED81BA00F7C4FF /* Info.plist */,
			);
			path = MarvelCharacters;
			sourceTree = "<group>";
		};
		FC96D06223ED81BB00F7C4FF /* MarvelCharactersTests */ = {
			isa = PBXGroup;
			children = (
				FC96D06323ED81BB00F7C4FF /* MarvelCharactersTests.swift */,
				FC96D06523ED81BB00F7C4FF /* Info.plist */,
			);
			path = MarvelCharactersTests;
			sourceTree = "<group>";
		};
		FC96D06D23ED81BB00F7C4FF /* MarvelCharactersUITests */ = {
			isa = PBXGroup;
			children = (
				FC96D06E23ED81BB00F7C4FF /* MarvelCharactersUITests.swift */,
				FC96D07023ED81BB00F7C4FF /* Info.plist */,
			);
			path = MarvelCharactersUITests;
			sourceTree = "<group>";
		};
/* End PBXGroup section */

/* Begin PBXNativeTarget section */
		FC96D04823ED81B900F7C4FF /* MarvelCharacters */ = {
			isa = PBXNativeTarget;
			buildConfigurationList = FC96D07323ED81BB00F7C4FF /* Build configuration list for PBXNativeTarget "MarvelCharacters" */;
			buildPhases = (
				FC96D04523ED81B900F7C4FF /* Sources */,
				FC96D04623ED81B900F7C4FF /* Frameworks */,
				FC96D04723ED81B900F7C4FF /* Resources */,
			);
			buildRules = (
			);
			dependencies = (
			);
			name = MarvelCharacters;
			productName = MarvelCharacters;
			productReference = FC96D04923ED81B900F7C4FF /* MarvelCharacters.app */;
			productType = "com.apple.product-type.application";
		};
		FC96D05E23ED81BB00F7C4FF /* MarvelCharactersTests */ = {
			isa = PBXNativeTarget;
			buildConfigurationList = FC96D07623ED81BB00F7C4FF /* Build configuration list for PBXNativeTarget "MarvelCharactersTests" */;
			buildPhases = (
				FC96D05B23ED81BB00F7C4FF /* Sources */,
				FC96D05C23ED81BB00F7C4FF /* Frameworks */,
				FC96D05D23ED81BB00F7C4FF /* Resources */,
			);
			buildRules = (
			);
			dependencies = (
				FC96D06123ED81BB00F7C4FF /* PBXTargetDependency */,
			);
			name = MarvelCharactersTests;
			productName = MarvelCharactersTests;
			productReference = FC96D05F23ED81BB00F7C4FF /* MarvelCharactersTests.xctest */;
			productType = "com.apple.product-type.bundle.unit-test";
		};
		FC96D06923ED81BB00F7C4FF /* MarvelCharactersUITests */ = {
			isa = PBXNativeTarget;
			buildConfigurationList = FC96D07923ED81BB00F7C4FF /* Build configuration list for PBXNativeTarget "MarvelCharactersUITests" */;
			buildPhases = (
				FC96D06623ED81BB00F7C4FF /* Sources */,
				FC96D06723ED81BB00F7C4FF /* Frameworks */,
				FC96D06823ED81BB00F7C4FF /* Resources */,
			);
			buildRules = (
			);
			dependencies = (
				FC96D06C23ED81BB00F7C4FF /* PBXTargetDependency */,
			);
			name = MarvelCharactersUITests;
			productName = MarvelCharactersUITests;
			productReference = FC96D06A23ED81BB00F7C4FF /* MarvelCharactersUITests.xctest */;
			productType = "com.apple.product-type.bundle.ui-testing";
		};
/* End PBXNativeTarget section */

/* Begin PBXProject section */
		FC96D04123ED81B800F7C4FF /* Project object */ = {
			isa = PBXProject;
			attributes = {
				LastSwiftUpdateCheck = 1130;
				LastUpgradeCheck = 1130;
				ORGANIZATIONNAME = MyExperiments;
				TargetAttributes = {
					FC96D04823ED81B900F7C4FF = {
						CreatedOnToolsVersion = 11.3.1;
					};
					FC96D05E23ED81BB00F7C4FF = {
						CreatedOnToolsVersion = 11.3.1;
						TestTargetID = FC96D04823ED81B900F7C4FF;
					};
					FC96D06923ED81BB00F7C4FF = {
						CreatedOnToolsVersion = 11.3.1;
						TestTargetID = FC96D04823ED81B900F7C4FF;
					};
				};
			};
			buildConfigurationList = FC96D04423ED81B800F7C4FF /* Build configuration list for PBXProject "MarvelCharacters" */;
			compatibilityVersion = "Xcode 9.3";
			developmentRegion = en;
			hasScannedForEncodings = 0;
			knownRegions = (
				en,
				Base,
			);
			mainGroup = FC96D04023ED81B800F7C4FF;
			productRefGroup = FC96D04A23ED81B900F7C4FF /* Products */;
			projectDirPath = "";
			projectRoot = "";
			targets = (
				FC96D04823ED81B900F7C4FF /* MarvelCharacters */,
				FC96D05E23ED81BB00F7C4FF /* MarvelCharactersTests */,
				FC96D06923ED81BB00F7C4FF /* MarvelCharactersUITests */,
			);
		};
/* End PBXProject section */

/* Begin PBXResourcesBuildPhase section */
		FC96D04723ED81B900F7C4FF /* Resources */ = {
			isa = PBXResourcesBuildPhase;
			buildActionMask = 2147483647;
			files = (
				FC96D05923ED81BA00F7C4FF /* LaunchScreen.storyboard in Resources */,
				FC96D05623ED81BA00F7C4FF /* Assets.xcassets in Resources */,
				FC96D05423ED81B900F7C4FF /* Main.storyboard in Resources */,
			);
			runOnlyForDeploymentPostprocessing = 0;
		};
		FC96D05D23ED81BB00F7C4FF /* Resources */ = {
			isa = PBXResourcesBuildPhase;
			buildActionMask = 2147483647;
			files = (
			);
			runOnlyForDeploymentPostprocessing = 0;
		};
		FC96D06823ED81BB00F7C4FF /* Resources */ = {
			isa = PBXResourcesBuildPhase;
			buildActionMask = 2147483647;
			files = (
			);
			runOnlyForDeploymentPostprocessing = 0;
		};
/* End PBXResourcesBuildPhase section */

/* Begin PBXSourcesBuildPhase section */
		FC96D04523ED81B900F7C4FF /* Sources */ = {
			isa = PBXSourcesBuildPhase;
			buildActionMask = 2147483647;
			files = (
				FC96D05123ED81B900F7C4FF /* ViewController.swift in Sources */,
				FC96D04D23ED81B900F7C4FF /* AppDelegate.swift in Sources */,
				FC96D04F23ED81B900F7C4FF /* SceneDelegate.swift in Sources */,
			);
			runOnlyForDeploymentPostprocessing = 0;
		};
		FC96D05B23ED81BB00F7C4FF /* Sources */ = {
			isa = PBXSourcesBuildPhase;
			buildActionMask = 2147483647;
			files = (
				FC96D06423ED81BB00F7C4FF /* MarvelCharactersTests.swift in Sources */,
			);
			runOnlyForDeploymentPostprocessing = 0;
		};
		FC96D06623ED81BB00F7C4FF /* Sources */ = {
			isa = PBXSourcesBuildPhase;
			buildActionMask = 2147483647;
			files = (
				FC96D06F23ED81BB00F7C4FF /* MarvelCharactersUITests.swift in Sources */,
			);
			runOnlyForDeploymentPostprocessing = 0;
		};
/* End PBXSourcesBuildPhase section */

/* Begin PBXTargetDependency section */
		FC96D06123ED81BB00F7C4FF /* PBXTargetDependency */ = {
			isa = PBXTargetDependency;
			target = FC96D04823ED81B900F7C4FF /* MarvelCharacters */;
			targetProxy = FC96D06023ED81BB00F7C4FF /* PBXContainerItemProxy */;
		};
		FC96D06C23ED81BB00F7C4FF /* PBXTargetDependency */ = {
			isa = PBXTargetDependency;
			target = FC96D04823ED81B900F7C4FF /* MarvelCharacters */;
			targetProxy = FC96D06B23ED81BB00F7C4FF /* PBXContainerItemProxy */;
		};
/* End PBXTargetDependency section */

/* Begin PBXVariantGroup section */
		FC96D05223ED81B900F7C4FF /* Main.storyboard */ = {
			isa = PBXVariantGroup;
			children = (
				FC96D05323ED81B900F7C4FF /* Base */,
			);
			name = Main.storyboard;
			sourceTree = "<group>";
		};
		FC96D05723ED81BA00F7C4FF /* LaunchScreen.storyboard */ = {
			isa = PBXVariantGroup;
			children = (
				FC96D05823ED81BA00F7C4FF /* Base */,
			);
			name = LaunchScreen.storyboard;
			sourceTree = "<group>";
		};
/* End PBXVariantGroup section */

/* Begin XCBuildConfiguration section */
		FC96D07123ED81BB00F7C4FF /* Debug */ = {
			isa = XCBuildConfiguration;
			buildSettings = {
				ALWAYS_SEARCH_USER_PATHS = NO;
				CLANG_ANALYZER_NONNULL = YES;
				CLANG_ANALYZER_NUMBER_OBJECT_CONVERSION = YES_AGGRESSIVE;
				CLANG_CXX_LANGUAGE_STANDARD = "gnu++14";
				CLANG_CXX_LIBRARY = "libc++";
				CLANG_ENABLE_MODULES = YES;
				CLANG_ENABLE_OBJC_ARC = YES;
				CLANG_ENABLE_OBJC_WEAK = YES;
				CLANG_WARN_BLOCK_CAPTURE_AUTORELEASING = YES;
				CLANG_WARN_BOOL_CONVERSION = YES;
				CLANG_WARN_COMMA = YES;
				CLANG_WARN_CONSTANT_CONVERSION = YES;
				CLANG_WARN_DEPRECATED_OBJC_IMPLEMENTATIONS = YES;
				CLANG_WARN_DIRECT_OBJC_ISA_USAGE = YES_ERROR;
				CLANG_WARN_DOCUMENTATION_COMMENTS = YES;
				CLANG_WARN_EMPTY_BODY = YES;
				CLANG_WARN_ENUM_CONVERSION = YES;
				CLANG_WARN_INFINITE_RECURSION = YES;
				CLANG_WARN_INT_CONVERSION = YES;
				CLANG_WARN_NON_LITERAL_NULL_CONVERSION = YES;
				CLANG_WARN_OBJC_IMPLICIT_RETAIN_SELF = YES;
				CLANG_WARN_OBJC_LITERAL_CONVERSION = YES;
				CLANG_WARN_OBJC_ROOT_CLASS = YES_ERROR;
				CLANG_WARN_RANGE_LOOP_ANALYSIS = YES;
				CLANG_WARN_STRICT_PROTOTYPES = YES;
				CLANG_WARN_SUSPICIOUS_MOVE = YES;
				CLANG_WARN_UNGUARDED_AVAILABILITY = YES_AGGRESSIVE;
				CLANG_WARN_UNREACHABLE_CODE = YES;
				CLANG_WARN__DUPLICATE_METHOD_MATCH = YES;
				COPY_PHASE_STRIP = NO;
				DEBUG_INFORMATION_FORMAT = dwarf;
				ENABLE_STRICT_OBJC_MSGSEND = YES;
				ENABLE_TESTABILITY = YES;
				GCC_C_LANGUAGE_STANDARD = gnu11;
				GCC_DYNAMIC_NO_PIC = NO;
				GCC_NO_COMMON_BLOCKS = YES;
				GCC_OPTIMIZATION_LEVEL = 0;
				GCC_PREPROCESSOR_DEFINITIONS = (
					"DEBUG=1",
					"$(inherited)",
				);
				GCC_WARN_64_TO_32_BIT_CONVERSION = YES;
				GCC_WARN_ABOUT_RETURN_TYPE = YES_ERROR;
				GCC_WARN_UNDECLARED_SELECTOR = YES;
				GCC_WARN_UNINITIALIZED_AUTOS = YES_AGGRESSIVE;
				GCC_WARN_UNUSED_FUNCTION = YES;
				GCC_WARN_UNUSED_VARIABLE = YES;
				IPHONEOS_DEPLOYMENT_TARGET = 13.2;
				MTL_ENABLE_DEBUG_INFO = INCLUDE_SOURCE;
				MTL_FAST_MATH = YES;
				ONLY_ACTIVE_ARCH = YES;
				SDKROOT = iphoneos;
				SWIFT_ACTIVE_COMPILATION_CONDITIONS = DEBUG;
				SWIFT_OPTIMIZATION_LEVEL = "-Onone";
			};
			name = Debug;
		};
		FC96D07223ED81BB00F7C4FF /* Release */ = {
			isa = XCBuildConfiguration;
			buildSettings = {
				ALWAYS_SEARCH_USER_PATHS = NO;
				CLANG_ANALYZER_NONNULL = YES;
				CLANG_ANALYZER_NUMBER_OBJECT_CONVERSION = YES_AGGRESSIVE;
				CLANG_CXX_LANGUAGE_STANDARD = "gnu++14";
				CLANG_CXX_LIBRARY = "libc++";
				CLANG_ENABLE_MODULES = YES;
				CLANG_ENABLE_OBJC_ARC = YES;
				CLANG_ENABLE_OBJC_WEAK = YES;
				CLANG_WARN_BLOCK_CAPTURE_AUTORELEASING = YES;
				CLANG_WARN_BOOL_CONVERSION = YES;
				CLANG_WARN_COMMA = YES;
				CLANG_WARN_CONSTANT_CONVERSION = YES;
				CLANG_WARN_DEPRECATED_OBJC_IMPLEMENTATIONS = YES;
				CLANG_WARN_DIRECT_OBJC_ISA_USAGE = YES_ERROR;
				CLANG_WARN_DOCUMENTATION_COMMENTS = YES;
				CLANG_WARN_EMPTY_BODY = YES;
				CLANG_WARN_ENUM_CONVERSION = YES;
				CLANG_WARN_INFINITE_RECURSION = YES;
				CLANG_WARN_INT_CONVERSION = YES;
				CLANG_WARN_NON_LITERAL_NULL_CONVERSION = YES;
				CLANG_WARN_OBJC_IMPLICIT_RETAIN_SELF = YES;
				CLANG_WARN_OBJC_LITERAL_CONVERSION = YES;
				CLANG_WARN_OBJC_ROOT_CLASS = YES_ERROR;
				CLANG_WARN_RANGE_LOOP_ANALYSIS = YES;
				CLANG_WARN_STRICT_PROTOTYPES = YES;
				CLANG_WARN_SUSPICIOUS_MOVE = YES;
				CLANG_WARN_UNGUARDED_AVAILABILITY = YES_AGGRESSIVE;
				CLANG_WARN_UNREACHABLE_CODE = YES;
				CLANG_WARN__DUPLICATE_METHOD_MATCH = YES;
				COPY_PHASE_STRIP = NO;
				DEBUG_INFORMATION_FORMAT = "dwarf-with-dsym";
				ENABLE_NS_ASSERTIONS = NO;
				ENABLE_STRICT_OBJC_MSGSEND = YES;
				GCC_C_LANGUAGE_STANDARD = gnu11;
				GCC_NO_COMMON_BLOCKS = YES;
				GCC_WARN_64_TO_32_BIT_CONVERSION = YES;
				GCC_WARN_ABOUT_RETURN_TYPE = YES_ERROR;
				GCC_WARN_UNDECLARED_SELECTOR = YES;
				GCC_WARN_UNINITIALIZED_AUTOS = YES_AGGRESSIVE;
				GCC_WARN_UNUSED_FUNCTION = YES;
				GCC_WARN_UNUSED_VARIABLE = YES;
				IPHONEOS_DEPLOYMENT_TARGET = 13.2;
				MTL_ENABLE_DEBUG_INFO = NO;
				MTL_FAST_MATH = YES;
				SDKROOT = iphoneos;
				SWIFT_COMPILATION_MODE = wholemodule;
				SWIFT_OPTIMIZATION_LEVEL = "-O";
				VALIDATE_PRODUCT = YES;
			};
			name = Release;
		};
		FC96D07423ED81BB00F7C4FF /* Debug */ = {
			isa = XCBuildConfiguration;
			buildSettings = {
				ASSETCATALOG_COMPILER_APPICON_NAME = AppIcon;
				CODE_SIGN_STYLE = Automatic;
				INFOPLIST_FILE = MarvelCharacters/Info.plist;
				LD_RUNPATH_SEARCH_PATHS = (
					"$(inherited)",
					"@executable_path/Frameworks",
				);
				PRODUCT_BUNDLE_IDENTIFIER = br.com.MarvelCharacters;
				PRODUCT_NAME = "$(TARGET_NAME)";
				SWIFT_VERSION = 5.0;
				TARGETED_DEVICE_FAMILY = "1,2";
			};
			name = Debug;
		};
		FC96D07523ED81BB00F7C4FF /* Release */ = {
			isa = XCBuildConfiguration;
			buildSettings = {
				ASSETCATALOG_COMPILER_APPICON_NAME = AppIcon;
				CODE_SIGN_STYLE = Automatic;
				INFOPLIST_FILE = MarvelCharacters/Info.plist;
				LD_RUNPATH_SEARCH_PATHS = (
					"$(inherited)",
					"@executable_path/Frameworks",
				);
				PRODUCT_BUNDLE_IDENTIFIER = br.com.MarvelCharacters;
				PRODUCT_NAME = "$(TARGET_NAME)";
				SWIFT_VERSION = 5.0;
				TARGETED_DEVICE_FAMILY = "1,2";
			};
			name = Release;
		};
		FC96D07723ED81BB00F7C4FF /* Debug */ = {
			isa = XCBuildConfiguration;
			buildSettings = {
				ALWAYS_EMBED_SWIFT_STANDARD_LIBRARIES = YES;
				BUNDLE_LOADER = "$(TEST_HOST)";
				CODE_SIGN_STYLE = Automatic;
				INFOPLIST_FILE = MarvelCharactersTests/Info.plist;
				IPHONEOS_DEPLOYMENT_TARGET = 13.2;
				LD_RUNPATH_SEARCH_PATHS = (
					"$(inherited)",
					"@executable_path/Frameworks",
					"@loader_path/Frameworks",
				);
				PRODUCT_BUNDLE_IDENTIFIER = br.com.MarvelCharactersTests;
				PRODUCT_NAME = "$(TARGET_NAME)";
				SWIFT_VERSION = 5.0;
				TARGETED_DEVICE_FAMILY = "1,2";
				TEST_HOST = "$(BUILT_PRODUCTS_DIR)/MarvelCharacters.app/MarvelCharacters";
			};
			name = Debug;
		};
		FC96D07823ED81BB00F7C4FF /* Release */ = {
			isa = XCBuildConfiguration;
			buildSettings = {
				ALWAYS_EMBED_SWIFT_STANDARD_LIBRARIES = YES;
				BUNDLE_LOADER = "$(TEST_HOST)";
				CODE_SIGN_STYLE = Automatic;
				INFOPLIST_FILE = MarvelCharactersTests/Info.plist;
				IPHONEOS_DEPLOYMENT_TARGET = 13.2;
				LD_RUNPATH_SEARCH_PATHS = (
					"$(inherited)",
					"@executable_path/Frameworks",
					"@loader_path/Frameworks",
				);
				PRODUCT_BUNDLE_IDENTIFIER = br.com.MarvelCharactersTests;
				PRODUCT_NAME = "$(TARGET_NAME)";
				SWIFT_VERSION = 5.0;
				TARGETED_DEVICE_FAMILY = "1,2";
				TEST_HOST = "$(BUILT_PRODUCTS_DIR)/MarvelCharacters.app/MarvelCharacters";
			};
			name = Release;
		};
		FC96D07A23ED81BB00F7C4FF /* Debug */ = {
			isa = XCBuildConfiguration;
			buildSettings = {
				ALWAYS_EMBED_SWIFT_STANDARD_LIBRARIES = YES;
				CODE_SIGN_STYLE = Automatic;
				INFOPLIST_FILE = MarvelCharactersUITests/Info.plist;
				LD_RUNPATH_SEARCH_PATHS = (
					"$(inherited)",
					"@executable_path/Frameworks",
					"@loader_path/Frameworks",
				);
				PRODUCT_BUNDLE_IDENTIFIER = br.com.MarvelCharactersUITests;
				PRODUCT_NAME = "$(TARGET_NAME)";
				SWIFT_VERSION = 5.0;
				TARGETED_DEVICE_FAMILY = "1,2";
				TEST_TARGET_NAME = MarvelCharacters;
			};
			name = Debug;
		};
		FC96D07B23ED81BB00F7C4FF /* Release */ = {
			isa = XCBuildConfiguration;
			buildSettings = {
				ALWAYS_EMBED_SWIFT_STANDARD_LIBRARIES = YES;
				CODE_SIGN_STYLE = Automatic;
				INFOPLIST_FILE = MarvelCharactersUITests/Info.plist;
				LD_RUNPATH_SEARCH_PATHS = (
					"$(inherited)",
					"@executable_path/Frameworks",
					"@loader_path/Frameworks",
				);
				PRODUCT_BUNDLE_IDENTIFIER = br.com.MarvelCharactersUITests;
				PRODUCT_NAME = "$(TARGET_NAME)";
				SWIFT_VERSION = 5.0;
				TARGETED_DEVICE_FAMILY = "1,2";
				TEST_TARGET_NAME = MarvelCharacters;
			};
			name = Release;
		};
/* End XCBuildConfiguration section */

/* Begin XCConfigurationList section */
		FC96D04423ED81B800F7C4FF /* Build configuration list for PBXProject "MarvelCharacters" */ = {
			isa = XCConfigurationList;
			buildConfigurations = (
				FC96D07123ED81BB00F7C4FF /* Debug */,
				FC96D07223ED81BB00F7C4FF /* Release */,
			);
			defaultConfigurationIsVisible = 0;
			defaultConfigurationName = Release;
		};
		FC96D07323ED81BB00F7C4FF /* Build configuration list for PBXNativeTarget "MarvelCharacters" */ = {
			isa = XCConfigurationList;
			buildConfigurations = (
				FC96D07423ED81BB00F7C4FF /* Debug */,
				FC96D07523ED81BB00F7C4FF /* Release */,
			);
			defaultConfigurationIsVisible = 0;
			defaultConfigurationName = Release;
		};
		FC96D07623ED81BB00F7C4FF /* Build configuration list for PBXNativeTarget "MarvelCharactersTests" */ = {
			isa = XCConfigurationList;
			buildConfigurations = (
				FC96D07723ED81BB00F7C4FF /* Debug */,
				FC96D07823ED81BB00F7C4FF /* Release */,
			);
			defaultConfigurationIsVisible = 0;
			defaultConfigurationName = Release;
		};
		FC96D07923ED81BB00F7C4FF /* Build configuration list for PBXNativeTarget "MarvelCharactersUITests" */ = {
			isa = XCConfigurationList;
			buildConfigurations = (
				FC96D07A23ED81BB00F7C4FF /* Debug */,
				FC96D07B23ED81BB00F7C4FF /* Release */,
			);
			defaultConfigurationIsVisible = 0;
			defaultConfigurationName = Release;
		};
/* End XCConfigurationList section */
	};
	rootObject = FC96D04123ED81B800F7C4FF /* Project object */;
}
